
Microsoft Visual Studio Solution File, Format Version 12.00
# Visual Studio Version 17
VisualStudioVersion = 17.6.33815.320
MinimumVisualStudioVersion = 10.0.40219.1
Project("{FAE04EC0-301F-11D3-BF4B-00C04F79EFBC}") = "LibraryManagement", "LibraryManagement\LibraryManagement.csproj", "{F95624BD-6D0A-4F95-BC35-9414BF8EB3D0}"
EndProject
Global
	GlobalSection(SolutionConfigurationPlatforms) = preSolution
		Debug|Any CPU = Debug|Any CPU
		Release|Any CPU = Release|Any CPU
	EndGlobalSection
	GlobalSection(ProjectConfigurationPlatforms) = postSolution
		{F95624BD-6D0A-4F95-BC35-9414BF8EB3D0}.Debug|Any CPU.ActiveCfg = Debug|Any CPU
		{F95624BD-6D0A-4F95-BC35-9414BF8EB3D0}.Debug|Any CPU.Build.0 = Debug|Any CPU
		{F95624BD-6D0A-4F95-BC35-9414BF8EB3D0}.Release|Any CPU.ActiveCfg = Release|Any CPU
		{F95624BD-6D0A-4F95-BC35-9414BF8EB3D0}.Release|Any CPU.Build.0 = Release|Any CPU
	EndGlobalSection
	GlobalSection(SolutionProperties) = preSolution
		HideSolutionNode = FALSE
	EndGlobalSection
	GlobalSection(ExtensibilityGlobals) = postSolution
		SolutionGuid = {6A03DFF5-1C75-4BCA-BDC8-D2F4B93EC096}
	EndGlobalSection
EndGlobal
